PODS:
  - audio_streamer (0.0.1):
    - Flutter
  - Flutter (1.0.0)
  - fluttertoast (0.0.2):
    - Flutter
    - Toast
  - path_provider_foundation (0.0.1):
    - Flutter
    - FlutterMacOS
  - permission_handler_apple (9.1.1):
    - Flutter
  - Toast (4.1.0)

DEPENDENCIES:
  - audio_streamer (from `.symlinks/plugins/audio_streamer/ios`)
  - Flutter (from `Flutter`)
  - fluttertoast (from `.symlinks/plugins/fluttertoast/ios`)
  - path_provider_foundation (from `.symlinks/plugins/path_provider_foundation/darwin`)
  - permission_handler_apple (from `.symlinks/plugins/permission_handler_apple/ios`)

SPEC REPOS:
  trunk:
    - Toast

EXTERNAL SOURCES:
  audio_streamer:
    :path: ".symlinks/plugins/audio_streamer/ios"
  Flutter:
    :path: Flutter
  fluttertoast:
    :path: ".symlinks/plugins/fluttertoast/ios"
  path_provider_foundation:
    :path: ".symlinks/plugins/path_provider_foundation/darwin"
  permission_handler_apple:
    :path: ".symlinks/plugins/permission_handler_apple/ios"

SPEC CHECKSUMS:
  audio_streamer: af49e73eb66f71c4eeabb4bbcb05f122d03a6709
  Flutter: e0871f40cf51350855a761d2e70bf5af5b9b5de7
  fluttertoast: 31b00dabfa7fb7bacd9e7dbee580d7a2ff4bf265
  path_provider_foundation: 3784922295ac71e43754bd15e0653ccfd36a147c
  permission_handler_apple: e76247795d700c14ea09e3a2d8855d41ee80a2e6
  Toast: ec33c32b8688982cecc6348adeae667c1b9938da

PODFILE CHECKSUM: 922bde17b4b486a0bcf7c1b617e9e90dce24a392

COCOAPODS: 1.15.0
